# GitHub Actions Version Lock File
# ━━━━━━━━━━━━━━━━━━━━━━━━━━━━━━━━━━━━━━━━━━━━━━━━━━━━━━━━━━━━━━━━━━━━━━━━━━━━
# Single source of truth for all GitHub Actions used in workflows.
# Managed by Dependabot - DO NOT EDIT MANUALLY UNLESS ADDING NEW ACTIONS.
#
# Usage:
#   1. Add new actions here first with desired semantic version
#   2. Run: just pin-actions (generates SHA-pinned workflows)
#   3. Dependabot automatically updates SHAs when new versions release
#
# Format:
#   <action-name>:
#     ref: <semantic-version>  # What we want (Dependabot monitors this)
#     sha: <commit-sha>         # Immutable pin (generated)
#     updated: <ISO-8601>       # Last verification timestamp
#
# Security Note:
#   Workflows use SHA-pinned format: uses: actions/checkout@abc123...  # v4.1.7
#   Dependabot reads the comment (# v4.1.7) and updates the SHA when new versions release.
# ━━━━━━━━━━━━━━━━━━━━━━━━━━━━━━━━━━━━━━━━━━━━━━━━━━━━━━━━━━━━━━━━━━━━━━━━━━━━

# ━━━━━━━━━━━━━━━━━━━━━━━━━━━━━━━━━━━━━━━━━━━━━━━━━━━━━━━━━━━━━━━━━━━━━━━━━━━━
# Official GitHub Actions
# ━━━━━━━━━━━━━━━━━━━━━━━━━━━━━━━━━━━━━━━━━━━━━━━━━━━━━━━━━━━━━━━━━━━━━━━━━━━━

actions/checkout:
  ref: v4.2.2
  sha: "11bd71901bbe5b1630ceea73d27597364c9af683"
  updated: "2026-04-09T16:14:07Z"
  notes: "Repository checkout - used in every workflow"
actions/upload-artifact:
  ref: v4.6.0
  sha: "65c4c4a1ddee5b72f698fdd19549f0f0fb45cf08"
  updated: "2026-04-09T16:14:08Z"
  notes: "Upload build artifacts and test results"
actions/download-artifact:
  ref: v4.3.0
  sha: "d3f86a106a0bac45b974a628896c90dbdf5c8093"
  updated: "2026-04-09T16:14:09Z"
  notes: "Download build artifacts"
actions/cache:
  ref: v4.2.3
  sha: "5a3ec84eff668545956fd18022155c47e93e2684"
  updated: "2026-04-09T16:14:10Z"
  notes: "Cache dependencies and build artifacts"
# ━━━━━━━━━━━━━━━━━━━━━━━━━━━━━━━━━━━━━━━━━━━━━━━━━━━━━━━━━━━━━━━━━━━━━━━━━━━━
# Testing & Reporting
# ━━━━━━━━━━━━━━━━━━━━━━━━━━━━━━━━━━━━━━━━━━━━━━━━━━━━━━━━━━━━━━━━━━━━━━━━━━━━
mikepenz/action-junit-report:
  ref: v6.0.1
  sha: "e08919a3b1fb83a78393dfb775a9c37f17d8eea6"
  updated: "2026-04-09T16:14:11Z"
  notes: "Publish JUnit test reports as GitHub Checks"
# ━━━━━━━━━━━━━━━━━━━━━━━━━━━━━━━━━━━━━━━━━━━━━━━━━━━━━━━━━━━━━━━━━━━━━━━━━━━━
# Rust Toolchain & Ecosystem
# ━━━━━━━━━━━━━━━━━━━━━━━━━━━━━━━━━━━━━━━━━━━━━━━━━━━━━━━━━━━━━━━━━━━━━━━━━━━━
dtolnay/rust-toolchain:
  ref: master
  sha: "3c5f7ea28cd621ae0bf5283f0e981fb97b8a7af9"
  updated: "2026-04-09T16:14:12Z"
  notes: "Rust toolchain installation - always tracks latest nightly"
taiki-e/install-action:
  ref: v2.49.3
  sha: "7ea888af71a31437ad4e71c62d021b3bb2728ea9"
  updated: "2026-04-09T16:14:12Z"
  notes: "Install cargo tools (nextest, just, deny, audit)"
Swatinem/rust-cache:
  ref: v2.8.2
  sha: "779680da715d629ac1d338a641029a2f4372abb5"
  updated: "2026-04-09T16:14:13Z"
  notes: "GitHub runner Rust cache"
loadingalias/cargo-rail-action:
  ref: v4.1.3
  sha: "95875a43ad5583b4d6a1dc65630afb0c2ecb6b30"
  updated: "2026-04-18T00:00:00Z"
  notes: "cargo-rail plan outputs for CI base-ref and surfaces"
# ━━━━━━━━━━━━━━━━━━━━━━━━━━━━━━━━━━━━━━━━━━━━━━━━━━━━━━━━━━━━━━━━━━━━━━━━━━━━
# RunsOn (AWS EC2 Runners)
# ━━━━━━━━━━━━━━━━━━━━━━━━━━━━━━━━━━━━━━━━━━━━━━━━━━━━━━━━━━━━━━━━━━━━━━━━━━━━
runs-on/action:
  ref: v2
  sha: "742bf56072eb4845a0f94b3394673e4903c90ff0"
  updated: "2026-04-09T16:14:16Z"
  notes: "RunsOn MagicCache - S3-backed unlimited cache for AWS EC2 runners"
# ━━━━━━━━━━━━━━━━━━━━━━━━━━━━━━━━━━━━━━━━━━━━━━━━━━━━━━━━━━━━━━━━━━━━━━━━━━━━
# Release Workflow Actions
# ━━━━━━━━━━━━━━━━━━━━━━━━━━━━━━━━━━━━━━━━━━━━━━━━━━━━━━━━━━━━━━━━━━━━━━━━━━━━
taiki-e/create-gh-release-action:
  ref: v1.8.4
  sha: "b7abb0cf5e72cb5500307b577f9ca3fd4c5be9d2"
  updated: "2026-04-09T16:14:16Z"
  notes: "Create GitHub releases from CHANGELOG.md"
taiki-e/setup-cross-toolchain-action:
  ref: v1.26.0
  sha: "bdeb9ca6f0f909ea36bb94e1e3ec916b2ceb35fc"
  updated: "2026-04-09T16:14:17Z"
  notes: "Cross-compilation toolchain setup for multi-target builds"
taiki-e/upload-rust-binary-action:
  ref: v1.24.0
  sha: "e7953b6078194a4ae5f5619632e3715db6275561"
  updated: "2026-04-09T16:14:18Z"
  notes: "Build and upload pre-built binaries to GitHub Releases"
